
Microsoft Visual Studio Solution File, Format Version 12.00
# Visual Studio Version 17
VisualStudioVersion = 17.6.33829.357
MinimumVisualStudioVersion = 10.0.40219.1
Project("{FAE04EC0-301F-11D3-BF4B-00C04F79EFBC}") = "PlancherExpert", "PlancherExpert\PlancherExpert.csproj", "{D577CD6E-25BC-42F8-97D3-A65905A817D0}"
EndProject
Global
	GlobalSection(SolutionConfigurationPlatforms) = preSolution
		Debug|Any CPU = Debug|Any CPU
		Release|Any CPU = Release|Any CPU
	EndGlobalSection
	GlobalSection(ProjectConfigurationPlatforms) = postSolution
		{D577CD6E-25BC-42F8-97D3-A65905A817D0}.Debug|Any CPU.ActiveCfg = Debug|Any CPU
		{D577CD6E-25BC-42F8-97D3-A65905A817D0}.Debug|Any CPU.Build.0 = Debug|Any CPU
		{D577CD6E-25BC-42F8-97D3-A65905A817D0}.Release|Any CPU.ActiveCfg = Release|Any CPU
		{D577CD6E-25BC-42F8-97D3-A65905A817D0}.Release|Any CPU.Build.0 = Release|Any CPU
	EndGlobalSection
	GlobalSection(SolutionProperties) = preSolution
		HideSolutionNode = FALSE
	EndGlobalSection
	GlobalSection(ExtensibilityGlobals) = postSolution
		SolutionGuid = {BA389C75-39E7-41E8-AB2C-B965F02D7B2D}
	EndGlobalSection
EndGlobal
